
Microsoft Visual Studio Solution File, Format Version 12.00
# Visual Studio 15
VisualStudioVersion = 15.0.28307.902
MinimumVisualStudioVersion = 10.0.40219.1
Project("{FAE04EC0-301F-11D3-BF4B-00C04F79EFBC}") = "Account-2", "Account-2\Account-2.csproj", "{003DCC0B-B74D-4070-8BB8-3ADA68DC6D6F}"
EndProject
Global
	GlobalSection(SolutionConfigurationPlatforms) = preSolution
		Debug|Any CPU = Debug|Any CPU
		Release|Any CPU = Release|Any CPU
	EndGlobalSection
	GlobalSection(ProjectConfigurationPlatforms) = postSolution
		{003DCC0B-B74D-4070-8BB8-3ADA68DC6D6F}.Debug|Any CPU.ActiveCfg = Debug|Any CPU
		{003DCC0B-B74D-4070-8BB8-3ADA68DC6D6F}.Debug|Any CPU.Build.0 = Debug|Any CPU
		{003DCC0B-B74D-4070-8BB8-3ADA68DC6D6F}.Release|Any CPU.ActiveCfg = Release|Any CPU
		{003DCC0B-B74D-4070-8BB8-3ADA68DC6D6F}.Release|Any CPU.Build.0 = Release|Any CPU
	EndGlobalSection
	GlobalSection(SolutionProperties) = preSolution
		HideSolutionNode = FALSE
	EndGlobalSection
	GlobalSection(ExtensibilityGlobals) = postSolution
		SolutionGuid = {95E7976C-8767-4F70-891B-24588337A9BD}
	EndGlobalSection
EndGlobal
